
Microsoft Visual Studio Solution File, Format Version 12.00
# Visual Studio 15
VisualStudioVersion = 15.0.27428.2037
MinimumVisualStudioVersion = 10.0.40219.1
Project("{FAE04EC0-301F-11D3-BF4B-00C04F79EFBC}") = "SPAtest", "SPAtest\SPAtest.csproj", "{8B27672F-CE13-439A-819D-EEEEC2852B77}"
EndProject
Global
	GlobalSection(SolutionConfigurationPlatforms) = preSolution
		Debug|Any CPU = Debug|Any CPU
		Release|Any CPU = Release|Any CPU
	EndGlobalSection
	GlobalSection(ProjectConfigurationPlatforms) = postSolution
		{8B27672F-CE13-439A-819D-EEEEC2852B77}.Debug|Any CPU.ActiveCfg = Debug|Any CPU
		{8B27672F-CE13-439A-819D-EEEEC2852B77}.Debug|Any CPU.Build.0 = Debug|Any CPU
		{8B27672F-CE13-439A-819D-EEEEC2852B77}.Release|Any CPU.ActiveCfg = Release|Any CPU
		{8B27672F-CE13-439A-819D-EEEEC2852B77}.Release|Any CPU.Build.0 = Release|Any CPU
	EndGlobalSection
	GlobalSection(SolutionProperties) = preSolution
		HideSolutionNode = FALSE
	EndGlobalSection
	GlobalSection(ExtensibilityGlobals) = postSolution
		SolutionGuid = {516CC3ED-E3E9-4690-BA48-F1A50D881439}
	EndGlobalSection
EndGlobal
